
Microsoft Visual Studio Solution File, Format Version 12.00
# Visual Studio Version 17
VisualStudioVersion = 17.11.35327.3
MinimumVisualStudioVersion = 10.0.40219.1
Project("{FAE04EC0-301F-11D3-BF4B-00C04F79EFBC}") = "Molnar_Iozsef_Lab1", "Molnar_Iozsef_Lab1.csproj", "{B546FA92-E088-481E-9D5E-DB753DF25B69}"
EndProject
Global
	GlobalSection(SolutionConfigurationPlatforms) = preSolution
		Debug|Any CPU = Debug|Any CPU
		Release|Any CPU = Release|Any CPU
	EndGlobalSection
	GlobalSection(ProjectConfigurationPlatforms) = postSolution
		{B546FA92-E088-481E-9D5E-DB753DF25B69}.Debug|Any CPU.ActiveCfg = Debug|Any CPU
		{B546FA92-E088-481E-9D5E-DB753DF25B69}.Debug|Any CPU.Build.0 = Debug|Any CPU
		{B546FA92-E088-481E-9D5E-DB753DF25B69}.Release|Any CPU.ActiveCfg = Release|Any CPU
		{B546FA92-E088-481E-9D5E-DB753DF25B69}.Release|Any CPU.Build.0 = Release|Any CPU
	EndGlobalSection
	GlobalSection(SolutionProperties) = preSolution
		HideSolutionNode = FALSE
	EndGlobalSection
	GlobalSection(ExtensibilityGlobals) = postSolution
		SolutionGuid = {3C93672F-3D0E-4E11-8E51-55D2D46A5468}
	EndGlobalSection
EndGlobal
